
Microsoft Visual Studio Solution File, Format Version 12.00
# Visual Studio 15
VisualStudioVersion = 15.0.26730.16
MinimumVisualStudioVersion = 10.0.40219.1
Project("{FAE04EC0-301F-11D3-BF4B-00C04F79EFBC}") = "AllowanceDocumentCreator", "AllowanceDocumentCreator\AllowanceDocumentCreator.csproj", "{2CDD22B0-E6A9-49D6-B2DD-30822A98C0A0}"
EndProject
Global
	GlobalSection(SolutionConfigurationPlatforms) = preSolution
		Debug|Any CPU = Debug|Any CPU
		Release|Any CPU = Release|Any CPU
	EndGlobalSection
	GlobalSection(ProjectConfigurationPlatforms) = postSolution
		{2CDD22B0-E6A9-49D6-B2DD-30822A98C0A0}.Debug|Any CPU.ActiveCfg = Debug|Any CPU
		{2CDD22B0-E6A9-49D6-B2DD-30822A98C0A0}.Debug|Any CPU.Build.0 = Debug|Any CPU
		{2CDD22B0-E6A9-49D6-B2DD-30822A98C0A0}.Release|Any CPU.ActiveCfg = Release|Any CPU
		{2CDD22B0-E6A9-49D6-B2DD-30822A98C0A0}.Release|Any CPU.Build.0 = Release|Any CPU
	EndGlobalSection
	GlobalSection(SolutionProperties) = preSolution
		HideSolutionNode = FALSE
	EndGlobalSection
	GlobalSection(ExtensibilityGlobals) = postSolution
		SolutionGuid = {C58D01E7-7AFC-45CE-B544-11F379E863CA}
	EndGlobalSection
EndGlobal
